
Microsoft Visual Studio Solution File, Format Version 12.00
# Visual Studio 2012
Project("{FAE04EC0-301F-11D3-BF4B-00C04F79EFBC}") = "Metrics", "Metrics\Metrics.csproj", "{8BBF3D02-A968-4EEB-94EA-426BBC722F39}"
EndProject
Project("{FAE04EC0-301F-11D3-BF4B-00C04F79EFBC}") = "Metrics.TestSite", "Metrics.TestSite\Metrics.TestSite.csproj", "{47CC7145-9FE6-4CDC-AC55-901D950562A2}"
EndProject
Global
	GlobalSection(SolutionConfigurationPlatforms) = preSolution
		Debug|Any CPU = Debug|Any CPU
		Release|Any CPU = Release|Any CPU
	EndGlobalSection
	GlobalSection(ProjectConfigurationPlatforms) = postSolution
		{8BBF3D02-A968-4EEB-94EA-426BBC722F39}.Debug|Any CPU.ActiveCfg = Debug|Any CPU
		{8BBF3D02-A968-4EEB-94EA-426BBC722F39}.Debug|Any CPU.Build.0 = Debug|Any CPU
		{8BBF3D02-A968-4EEB-94EA-426BBC722F39}.Release|Any CPU.ActiveCfg = Release|Any CPU
		{8BBF3D02-A968-4EEB-94EA-426BBC722F39}.Release|Any CPU.Build.0 = Release|Any CPU
		{47CC7145-9FE6-4CDC-AC55-901D950562A2}.Debug|Any CPU.ActiveCfg = Debug|Any CPU
		{47CC7145-9FE6-4CDC-AC55-901D950562A2}.Debug|Any CPU.Build.0 = Debug|Any CPU
		{47CC7145-9FE6-4CDC-AC55-901D950562A2}.Release|Any CPU.ActiveCfg = Release|Any CPU
		{47CC7145-9FE6-4CDC-AC55-901D950562A2}.Release|Any CPU.Build.0 = Release|Any CPU
	EndGlobalSection
	GlobalSection(SolutionProperties) = preSolution
		HideSolutionNode = FALSE
	EndGlobalSection
EndGlobal
