
Microsoft Visual Studio Solution File, Format Version 12.00
# Visual Studio 2012
Project("{FAE04EC0-301F-11D3-BF4B-00C04F79EFBC}") = "Metrics", "Metrics\Metrics.csproj", "{8BBF3D02-A968-4EEB-94EA-426BBC722F39}"
EndProject
Project("{FAE04EC0-301F-11D3-BF4B-00C04F79EFBC}") = "Metrics.Web", "Metrics.Web\Metrics.Web.csproj", "{45A172A0-4733-415C-A13E-196B3CCD0EB5}"
EndProject
Global
	GlobalSection(SolutionConfigurationPlatforms) = preSolution
		Debug|Any CPU = Debug|Any CPU
		Release|Any CPU = Release|Any CPU
	EndGlobalSection
	GlobalSection(ProjectConfigurationPlatforms) = postSolution
		{8BBF3D02-A968-4EEB-94EA-426BBC722F39}.Debug|Any CPU.ActiveCfg = Debug|Any CPU
		{8BBF3D02-A968-4EEB-94EA-426BBC722F39}.Debug|Any CPU.Build.0 = Debug|Any CPU
		{8BBF3D02-A968-4EEB-94EA-426BBC722F39}.Release|Any CPU.ActiveCfg = Release|Any CPU
		{8BBF3D02-A968-4EEB-94EA-426BBC722F39}.Release|Any CPU.Build.0 = Release|Any CPU
		{45A172A0-4733-415C-A13E-196B3CCD0EB5}.Debug|Any CPU.ActiveCfg = Debug|Any CPU
		{45A172A0-4733-415C-A13E-196B3CCD0EB5}.Debug|Any CPU.Build.0 = Debug|Any CPU
		{45A172A0-4733-415C-A13E-196B3CCD0EB5}.Release|Any CPU.ActiveCfg = Release|Any CPU
		{45A172A0-4733-415C-A13E-196B3CCD0EB5}.Release|Any CPU.Build.0 = Release|Any CPU
	EndGlobalSection
	GlobalSection(SolutionProperties) = preSolution
		HideSolutionNode = FALSE
	EndGlobalSection
EndGlobal
